// !$*UTF8*$!
{
	archiveVersion = 1;
	classes = {
	};
	objectVersion = 46;
	objects = {

/* Begin PBXBuildFile section */
		0B1E67801E3B3B7500BFE8FC /* AllSensors.m in Sources */ = {isa = PBXBuildFile; fileRef = 0B1E677F1E3B3B7500BFE8FC /* AllSensors.m */; };
		0B1E67861E3CDB2C00BFE8FC /* DrawChartSettingViewController.m in Sources */ = {isa = PBXBuildFile; fileRef = 0B1E67851E3CDB2C00BFE8FC /* DrawChartSettingViewController.m */; };
		0B1E67891E41B1D500BFE8FC /* HistoryChartValues.m in Sources */ = {isa = PBXBuildFile; fileRef = 0B1E67881E41B1D500BFE8FC /* HistoryChartValues.m */; };
		0B4E40141E3237B300C07569 /* HistoryChartViewController.m in Sources */ = {isa = PBXBuildFile; fileRef = 0B4E40131E3237B300C07569 /* HistoryChartViewController.m */; };
		0B4E401E1E3237F600C07569 /* DVLineChartView.m in Sources */ = {isa = PBXBuildFile; fileRef = 0B4E40171E3237F600C07569 /* DVLineChartView.m */; };
		0B4E401F1E3237F600C07569 /* DVPlot.m in Sources */ = {isa = PBXBuildFile; fileRef = 0B4E40191E3237F600C07569 /* DVPlot.m */; };
		0B4E40201E3237F600C07569 /* DVXAxisView.m in Sources */ = {isa = PBXBuildFile; fileRef = 0B4E401B1E3237F600C07569 /* DVXAxisView.m */; };
		0B4E40211E3237F600C07569 /* DVYAxisView.m in Sources */ = {isa = PBXBuildFile; fileRef = 0B4E401D1E3237F600C07569 /* DVYAxisView.m */; };
		0B4E40261E32380600C07569 /* UIColor+Hex.m in Sources */ = {isa = PBXBuildFile; fileRef = 0B4E40231E32380600C07569 /* UIColor+Hex.m */; };
		0B4E40271E32380600C07569 /* UIView+Extension.m in Sources */ = {isa = PBXBuildFile; fileRef = 0B4E40251E32380600C07569 /* UIView+Extension.m */; };
		0B7FD53F1E27D13200C7F0B6 /* Config.plist in Resources */ = {isa = PBXBuildFile; fileRef = 0B7FD53E1E27D13200C7F0B6 /* Config.plist */; };
		0BB21FD91E2533E600786F3A /* main.m in Sources */ = {isa = PBXBuildFile; fileRef = 0BB21FD81E2533E600786F3A /* main.m */; };
		0BB21FDC1E2533E600786F3A /* AppDelegate.m in Sources */ = {isa = PBXBuildFile; fileRef = 0BB21FDB1E2533E600786F3A /* AppDelegate.m */; };
		0BB21FDF1E2533E600786F3A /* ViewController.m in Sources */ = {isa = PBXBuildFile; fileRef = 0BB21FDE1E2533E600786F3A /* ViewController.m */; };
		0BB21FE21E2533E600786F3A /* Main.storyboard in Resources */ = {isa = PBXBuildFile; fileRef = 0BB21FE01E2533E600786F3A /* Main.storyboard */; };
		0BB21FE41E2533E600786F3A /* Assets.xcassets in Resources */ = {isa = PBXBuildFile; fileRef = 0BB21FE31E2533E600786F3A /* Assets.xcassets */; };
		0BB21FE71E2533E600786F3A /* LaunchScreen.storyboard in Resources */ = {isa = PBXBuildFile; fileRef = 0BB21FE51E2533E600786F3A /* LaunchScreen.storyboard */; };
		0BB21FF01E25341F00786F3A /* ConfigManager.m in Sources */ = {isa = PBXBuildFile; fileRef = 0BB21FEF1E25341F00786F3A /* ConfigManager.m */; };
		0BB21FF31E25344400786F3A /* HTTPComm.m in Sources */ = {isa = PBXBuildFile; fileRef = 0BB21FF21E25344400786F3A /* HTTPComm.m */; };
		0BB21FF61E25346500786F3A /* DrawRealChart.m in Sources */ = {isa = PBXBuildFile; fileRef = 0BB21FF51E25346500786F3A /* DrawRealChart.m */; };
		0BB21FF91E25347F00786F3A /* DrawHitoryChart.m in Sources */ = {isa = PBXBuildFile; fileRef = 0BB21FF81E25347F00786F3A /* DrawHitoryChart.m */; };
		0BB21FFF1E25352700786F3A /* RegularAction.m in Sources */ = {isa = PBXBuildFile; fileRef = 0BB21FFE1E25352700786F3A /* RegularAction.m */; };
		0BB220021E25356400786F3A /* AlarmTableViewController.m in Sources */ = {isa = PBXBuildFile; fileRef = 0BB220011E25356400786F3A /* AlarmTableViewController.m */; };
		0BB220051E2535AD00786F3A /* ConfigTableViewController.m in Sources */ = {isa = PBXBuildFile; fileRef = 0BB220041E2535AD00786F3A /* ConfigTableViewController.m */; };
		0BB220081E2535E200786F3A /* ExportTableViewController.m in Sources */ = {isa = PBXBuildFile; fileRef = 0BB220071E2535E200786F3A /* ExportTableViewController.m */; };
		0BB2200B1E25362D00786F3A /* XMLParserDelegate.m in Sources */ = {isa = PBXBuildFile; fileRef = 0BB2200A1E25362D00786F3A /* XMLParserDelegate.m */; };
		0BD14BEF1E25FA800009F6C2 /* DrawChartTableViewController.m in Sources */ = {isa = PBXBuildFile; fileRef = 0BD14BEE1E25FA800009F6C2 /* DrawChartTableViewController.m */; };
		0BD14BF61E2601130009F6C2 /* red-growth-chart.jpg in Resources */ = {isa = PBXBuildFile; fileRef = 0BD14BF21E2601130009F6C2 /* red-growth-chart.jpg */; };
		0BD14BF71E2601130009F6C2 /* alarm.jpg in Resources */ = {isa = PBXBuildFile; fileRef = 0BD14BF31E2601130009F6C2 /* alarm.jpg */; };
		0BD14BF91E2601D10009F6C2 /* red config.png in Resources */ = {isa = PBXBuildFile; fileRef = 0BD14BF81E2601D10009F6C2 /* red config.png */; };
		0BD14BFB1E2602520009F6C2 /* red folder.jpg in Resources */ = {isa = PBXBuildFile; fileRef = 0BD14BFA1E2602520009F6C2 /* red folder.jpg */; };
		0BD14BFE1E2606240009F6C2 /* Sensor.m in Sources */ = {isa = PBXBuildFile; fileRef = 0BD14BFD1E2606240009F6C2 /* Sensor.m */; };
		0BD14C011E262AAD0009F6C2 /* ReceiveTrigProcess.m in Sources */ = {isa = PBXBuildFile; fileRef = 0BD14C001E262AAD0009F6C2 /* ReceiveTrigProcess.m */; };
		0BDE0D0F1E2DDD4C000C9EC6 /* RealtimeChartViewController.m in Sources */ = {isa = PBXBuildFile; fileRef = 0BDE0D0E1E2DDD4C000C9EC6 /* RealtimeChartViewController.m */; };
		0BDE0D121E2DE01F000C9EC6 /* RealChartView.m in Sources */ = {isa = PBXBuildFile; fileRef = 0BDE0D111E2DE01F000C9EC6 /* RealChartView.m */; };
		B0F51C911E489CC2008D8F9F /* DrawCSVFileViewController.m in Sources */ = {isa = PBXBuildFile; fileRef = B0F51C901E489CC2008D8F9F /* DrawCSVFileViewController.m */; };
		B0F7AB6F1E456CAE00165758 /* ExportCSVFile.m in Sources */ = {isa = PBXBuildFile; fileRef = 0BB21FFB1E2534AB00786F3A /* ExportCSVFile.m */; };
		B0F7AB721E460C3D00165758 /* ExportSettingsViewController.m in Sources */ = {isa = PBXBuildFile; fileRef = B0F7AB711E460C3D00165758 /* ExportSettingsViewController.m */; };
		B0FBC50B1E5695DD005EC174 /* ExportSensorItem.m in Sources */ = {isa = PBXBuildFile; fileRef = B0FBC50A1E5695DD005EC174 /* ExportSensorItem.m */; };
/* End PBXBuildFile section */

/* Begin PBXFileReference section */
		0B1E677E1E3B3B7500BFE8FC /* AllSensors.h */ = {isa = PBXFileReference; fileEncoding = 4; lastKnownFileType = sourcecode.c.h; path = AllSensors.h; sourceTree = "<group>"; };
		0B1E677F1E3B3B7500BFE8FC /* AllSensors.m */ = {isa = PBXFileReference; fileEncoding = 4; lastKnownFileType = sourcecode.c.objc; path = AllSensors.m; sourceTree = "<group>"; };
		0B1E67841E3CDB2C00BFE8FC /* DrawChartSettingViewController.h */ = {isa = PBXFileReference; fileEncoding = 4; lastKnownFileType = sourcecode.c.h; path = DrawChartSettingViewController.h; sourceTree = "<group>"; };
		0B1E67851E3CDB2C00BFE8FC /* DrawChartSettingViewController.m */ = {isa = PBXFileReference; fileEncoding = 4; lastKnownFileType = sourcecode.c.objc; path = DrawChartSettingViewController.m; sourceTree = "<group>"; };
		0B1E67871E41B1D500BFE8FC /* HistoryChartValues.h */ = {isa = PBXFileReference; fileEncoding = 4; lastKnownFileType = sourcecode.c.h; path = HistoryChartValues.h; sourceTree = "<group>"; };
		0B1E67881E41B1D500BFE8FC /* HistoryChartValues.m */ = {isa = PBXFileReference; fileEncoding = 4; lastKnownFileType = sourcecode.c.objc; path = HistoryChartValues.m; sourceTree = "<group>"; };
		0B4E40121E3237B300C07569 /* HistoryChartViewController.h */ = {isa = PBXFileReference; fileEncoding = 4; lastKnownFileType = sourcecode.c.h; path = HistoryChartViewController.h; sourceTree = "<group>"; };
		0B4E40131E3237B300C07569 /* HistoryChartViewController.m */ = {isa = PBXFileReference; fileEncoding = 4; lastKnownFileType = sourcecode.c.objc; path = HistoryChartViewController.m; sourceTree = "<group>"; };
		0B4E40161E3237F600C07569 /* DVLineChartView.h */ = {isa = PBXFileReference; fileEncoding = 4; lastKnownFileType = sourcecode.c.h; path = DVLineChartView.h; sourceTree = "<group>"; };
		0B4E40171E3237F600C07569 /* DVLineChartView.m */ = {isa = PBXFileReference; fileEncoding = 4; lastKnownFileType = sourcecode.c.objc; path = DVLineChartView.m; sourceTree = "<group>"; };
		0B4E40181E3237F600C07569 /* DVPlot.h */ = {isa = PBXFileReference; fileEncoding = 4; lastKnownFileType = sourcecode.c.h; path = DVPlot.h; sourceTree = "<group>"; };
		0B4E40191E3237F600C07569 /* DVPlot.m */ = {isa = PBXFileReference; fileEncoding = 4; lastKnownFileType = sourcecode.c.objc; path = DVPlot.m; sourceTree = "<group>"; };
		0B4E401A1E3237F600C07569 /* DVXAxisView.h */ = {isa = PBXFileReference; fileEncoding = 4; lastKnownFileType = sourcecode.c.h; path = DVXAxisView.h; sourceTree = "<group>"; };
		0B4E401B1E3237F600C07569 /* DVXAxisView.m */ = {isa = PBXFileReference; fileEncoding = 4; lastKnownFileType = sourcecode.c.objc; path = DVXAxisView.m; sourceTree = "<group>"; };
		0B4E401C1E3237F600C07569 /* DVYAxisView.h */ = {isa = PBXFileReference; fileEncoding = 4; lastKnownFileType = sourcecode.c.h; path = DVYAxisView.h; sourceTree = "<group>"; };
		0B4E401D1E3237F600C07569 /* DVYAxisView.m */ = {isa = PBXFileReference; fileEncoding = 4; lastKnownFileType = sourcecode.c.objc; path = DVYAxisView.m; sourceTree = "<group>"; };
		0B4E40221E32380600C07569 /* UIColor+Hex.h */ = {isa = PBXFileReference; fileEncoding = 4; lastKnownFileType = sourcecode.c.h; path = "UIColor+Hex.h"; sourceTree = "<group>"; };
		0B4E40231E32380600C07569 /* UIColor+Hex.m */ = {isa = PBXFileReference; fileEncoding = 4; lastKnownFileType = sourcecode.c.objc; path = "UIColor+Hex.m"; sourceTree = "<group>"; };
		0B4E40241E32380600C07569 /* UIView+Extension.h */ = {isa = PBXFileReference; fileEncoding = 4; lastKnownFileType = sourcecode.c.h; path = "UIView+Extension.h"; sourceTree = "<group>"; };
		0B4E40251E32380600C07569 /* UIView+Extension.m */ = {isa = PBXFileReference; fileEncoding = 4; lastKnownFileType = sourcecode.c.objc; path = "UIView+Extension.m"; sourceTree = "<group>"; };
		0B7FD53E1E27D13200C7F0B6 /* Config.plist */ = {isa = PBXFileReference; fileEncoding = 4; lastKnownFileType = text.plist.xml; path = Config.plist; sourceTree = "<group>"; };
		0BB21FD41E2533E600786F3A /* eEyes.app */ = {isa = PBXFileReference; explicitFileType = wrapper.application; includeInIndex = 0; path = eEyes.app; sourceTree = BUILT_PRODUCTS_DIR; };
		0BB21FD81E2533E600786F3A /* main.m */ = {isa = PBXFileReference; lastKnownFileType = sourcecode.c.objc; path = main.m; sourceTree = "<group>"; };
		0BB21FDA1E2533E600786F3A /* AppDelegate.h */ = {isa = PBXFileReference; lastKnownFileType = sourcecode.c.h; path = AppDelegate.h; sourceTree = "<group>"; };
		0BB21FDB1E2533E600786F3A /* AppDelegate.m */ = {isa = PBXFileReference; lastKnownFileType = sourcecode.c.objc; path = AppDelegate.m; sourceTree = "<group>"; };
		0BB21FDD1E2533E600786F3A /* ViewController.h */ = {isa = PBXFileReference; lastKnownFileType = sourcecode.c.h; path = ViewController.h; sourceTree = "<group>"; };
		0BB21FDE1E2533E600786F3A /* ViewController.m */ = {isa = PBXFileReference; lastKnownFileType = sourcecode.c.objc; path = ViewController.m; sourceTree = "<group>"; };
		0BB21FE11E2533E600786F3A /* Base */ = {isa = PBXFileReference; lastKnownFileType = file.storyboard; name = Base; path = Base.lproj/Main.storyboard; sourceTree = "<group>"; };
		0BB21FE31E2533E600786F3A /* Assets.xcassets */ = {isa = PBXFileReference; lastKnownFileType = folder.assetcatalog; path = Assets.xcassets; sourceTree = "<group>"; };
		0BB21FE61E2533E600786F3A /* Base */ = {isa = PBXFileReference; lastKnownFileType = file.storyboard; name = Base; path = Base.lproj/LaunchScreen.storyboard; sourceTree = "<group>"; };
		0BB21FE81E2533E600786F3A /* Info.plist */ = {isa = PBXFileReference; lastKnownFileType = text.plist.xml; path = Info.plist; sourceTree = "<group>"; };
		0BB21FEE1E25341F00786F3A /* ConfigManager.h */ = {isa = PBXFileReference; fileEncoding = 4; lastKnownFileType = sourcecode.c.h; path = ConfigManager.h; sourceTree = "<group>"; };
		0BB21FEF1E25341F00786F3A /* ConfigManager.m */ = {isa = PBXFileReference; fileEncoding = 4; lastKnownFileType = sourcecode.c.objc; path = ConfigManager.m; sourceTree = "<group>"; };
		0BB21FF11E25344400786F3A /* HTTPComm.h */ = {isa = PBXFileReference; fileEncoding = 4; lastKnownFileType = sourcecode.c.h; path = HTTPComm.h; sourceTree = "<group>"; };
		0BB21FF21E25344400786F3A /* HTTPComm.m */ = {isa = PBXFileReference; fileEncoding = 4; lastKnownFileType = sourcecode.c.objc; path = HTTPComm.m; sourceTree = "<group>"; };
		0BB21FF41E25346500786F3A /* DrawRealChart.h */ = {isa = PBXFileReference; fileEncoding = 4; lastKnownFileType = sourcecode.c.h; path = DrawRealChart.h; sourceTree = "<group>"; };
		0BB21FF51E25346500786F3A /* DrawRealChart.m */ = {isa = PBXFileReference; fileEncoding = 4; lastKnownFileType = sourcecode.c.objc; path = DrawRealChart.m; sourceTree = "<group>"; };
		0BB21FF71E25347F00786F3A /* DrawHitoryChart.h */ = {isa = PBXFileReference; fileEncoding = 4; lastKnownFileType = sourcecode.c.h; path = DrawHitoryChart.h; sourceTree = "<group>"; };
		0BB21FF81E25347F00786F3A /* DrawHitoryChart.m */ = {isa = PBXFileReference; fileEncoding = 4; lastKnownFileType = sourcecode.c.objc; path = DrawHitoryChart.m; sourceTree = "<group>"; };
		0BB21FFA1E2534AB00786F3A /* ExportCSVFile.h */ = {isa = PBXFileReference; fileEncoding = 4; lastKnownFileType = sourcecode.c.h; path = ExportCSVFile.h; sourceTree = "<group>"; };
		0BB21FFB1E2534AB00786F3A /* ExportCSVFile.m */ = {isa = PBXFileReference; fileEncoding = 4; lastKnownFileType = sourcecode.c.objc; path = ExportCSVFile.m; sourceTree = "<group>"; };
		0BB21FFD1E25352700786F3A /* RegularAction.h */ = {isa = PBXFileReference; fileEncoding = 4; lastKnownFileType = sourcecode.c.h; path = RegularAction.h; sourceTree = "<group>"; };
		0BB21FFE1E25352700786F3A /* RegularAction.m */ = {isa = PBXFileReference; fileEncoding = 4; lastKnownFileType = sourcecode.c.objc; path = RegularAction.m; sourceTree = "<group>"; };
		0BB220001E25356400786F3A /* AlarmTableViewController.h */ = {isa = PBXFileReference; fileEncoding = 4; lastKnownFileType = sourcecode.c.h; path = AlarmTableViewController.h; sourceTree = "<group>"; };
		0BB220011E25356400786F3A /* AlarmTableViewController.m */ = {isa = PBXFileReference; fileEncoding = 4; lastKnownFileType = sourcecode.c.objc; path = AlarmTableViewController.m; sourceTree = "<group>"; };
		0BB220031E2535AD00786F3A /* ConfigTableViewController.h */ = {isa = PBXFileReference; fileEncoding = 4; lastKnownFileType = sourcecode.c.h; path = ConfigTableViewController.h; sourceTree = "<group>"; };
		0BB220041E2535AD00786F3A /* ConfigTableViewController.m */ = {isa = PBXFileReference; fileEncoding = 4; lastKnownFileType = sourcecode.c.objc; path = ConfigTableViewController.m; sourceTree = "<group>"; };
		0BB220061E2535E200786F3A /* ExportTableViewController.h */ = {isa = PBXFileReference; fileEncoding = 4; lastKnownFileType = sourcecode.c.h; path = ExportTableViewController.h; sourceTree = "<group>"; };
		0BB220071E2535E200786F3A /* ExportTableViewController.m */ = {isa = PBXFileReference; fileEncoding = 4; lastKnownFileType = sourcecode.c.objc; path = ExportTableViewController.m; sourceTree = "<group>"; };
		0BB220091E25362D00786F3A /* XMLParserDelegate.h */ = {isa = PBXFileReference; fileEncoding = 4; lastKnownFileType = sourcecode.c.h; path = XMLParserDelegate.h; sourceTree = "<group>"; };
		0BB2200A1E25362D00786F3A /* XMLParserDelegate.m */ = {isa = PBXFileReference; fileEncoding = 4; lastKnownFileType = sourcecode.c.objc; path = XMLParserDelegate.m; sourceTree = "<group>"; };
		0BD14BED1E25FA800009F6C2 /* DrawChartTableViewController.h */ = {isa = PBXFileReference; fileEncoding = 4; lastKnownFileType = sourcecode.c.h; path = DrawChartTableViewController.h; sourceTree = "<group>"; };
		0BD14BEE1E25FA800009F6C2 /* DrawChartTableViewController.m */ = {isa = PBXFileReference; fileEncoding = 4; lastKnownFileType = sourcecode.c.objc; path = DrawChartTableViewController.m; sourceTree = "<group>"; };
		0BD14BF21E2601130009F6C2 /* red-growth-chart.jpg */ = {isa = PBXFileReference; lastKnownFileType = image.jpeg; path = "red-growth-chart.jpg"; sourceTree = "<group>"; };
		0BD14BF31E2601130009F6C2 /* alarm.jpg */ = {isa = PBXFileReference; lastKnownFileType = image.jpeg; path = alarm.jpg; sourceTree = "<group>"; };
		0BD14BF81E2601D10009F6C2 /* red config.png */ = {isa = PBXFileReference; lastKnownFileType = image.png; path = "red config.png"; sourceTree = "<group>"; };
		0BD14BFA1E2602520009F6C2 /* red folder.jpg */ = {isa = PBXFileReference; lastKnownFileType = image.jpeg; path = "red folder.jpg"; sourceTree = "<group>"; };
		0BD14BFC1E2606240009F6C2 /* Sensor.h */ = {isa = PBXFileReference; fileEncoding = 4; lastKnownFileType = sourcecode.c.h; path = Sensor.h; sourceTree = "<group>"; };
		0BD14BFD1E2606240009F6C2 /* Sensor.m */ = {isa = PBXFileReference; fileEncoding = 4; lastKnownFileType = sourcecode.c.objc; path = Sensor.m; sourceTree = "<group>"; };
		0BD14BFF1E262AAD0009F6C2 /* ReceiveTrigProcess.h */ = {isa = PBXFileReference; fileEncoding = 4; lastKnownFileType = sourcecode.c.h; path = ReceiveTrigProcess.h; sourceTree = "<group>"; };
		0BD14C001E262AAD0009F6C2 /* ReceiveTrigProcess.m */ = {isa = PBXFileReference; fileEncoding = 4; lastKnownFileType = sourcecode.c.objc; path = ReceiveTrigProcess.m; sourceTree = "<group>"; };
		0BDE0D0D1E2DDD4C000C9EC6 /* RealtimeChartViewController.h */ = {isa = PBXFileReference; fileEncoding = 4; lastKnownFileType = sourcecode.c.h; path = RealtimeChartViewController.h; sourceTree = "<group>"; };
		0BDE0D0E1E2DDD4C000C9EC6 /* RealtimeChartViewController.m */ = {isa = PBXFileReference; fileEncoding = 4; lastKnownFileType = sourcecode.c.objc; path = RealtimeChartViewController.m; sourceTree = "<group>"; };
		0BDE0D101E2DE01F000C9EC6 /* RealChartView.h */ = {isa = PBXFileReference; fileEncoding = 4; lastKnownFileType = sourcecode.c.h; path = RealChartView.h; sourceTree = "<group>"; };
		0BDE0D111E2DE01F000C9EC6 /* RealChartView.m */ = {isa = PBXFileReference; fileEncoding = 4; lastKnownFileType = sourcecode.c.objc; path = RealChartView.m; sourceTree = "<group>"; };
		B06752331E587BBD008373EB /* eEyes.entitlements */ = {isa = PBXFileReference; lastKnownFileType = text.plist.entitlements; path = eEyes.entitlements; sourceTree = "<group>"; };
		B0F51C8F1E489CC2008D8F9F /* DrawCSVFileViewController.h */ = {isa = PBXFileReference; fileEncoding = 4; lastKnownFileType = sourcecode.c.h; path = DrawCSVFileViewController.h; sourceTree = "<group>"; };
		B0F51C901E489CC2008D8F9F /* DrawCSVFileViewController.m */ = {isa = PBXFileReference; fileEncoding = 4; lastKnownFileType = sourcecode.c.objc; path = DrawCSVFileViewController.m; sourceTree = "<group>"; };
		B0F7AB701E460C3D00165758 /* ExportSettingsViewController.h */ = {isa = PBXFileReference; fileEncoding = 4; lastKnownFileType = sourcecode.c.h; path = ExportSettingsViewController.h; sourceTree = "<group>"; };
		B0F7AB711E460C3D00165758 /* ExportSettingsViewController.m */ = {isa = PBXFileReference; fileEncoding = 4; lastKnownFileType = sourcecode.c.objc; path = ExportSettingsViewController.m; sourceTree = "<group>"; };
		B0FBC5091E5695DD005EC174 /* ExportSensorItem.h */ = {isa = PBXFileReference; fileEncoding = 4; lastKnownFileType = sourcecode.c.h; path = ExportSensorItem.h; sourceTree = "<group>"; };
		B0FBC50A1E5695DD005EC174 /* ExportSensorItem.m */ = {isa = PBXFileReference; fileEncoding = 4; lastKnownFileType = sourcecode.c.objc; path = ExportSensorItem.m; sourceTree = "<group>"; };
/* End PBXFileReference section */

/* Begin PBXFrameworksBuildPhase section */
		0BB21FD11E2533E600786F3A /* Frameworks */ = {
			isa = PBXFrameworksBuildPhase;
			buildActionMask = 2147483647;
			files = (
			);
			runOnlyForDeploymentPostprocessing = 0;
		};
/* End PBXFrameworksBuildPhase section */

/* Begin PBXGroup section */
		0B4E40151E3237F600C07569 /* DVLineChartView */ = {
			isa = PBXGroup;
			children = (
				0B4E40161E3237F600C07569 /* DVLineChartView.h */,
				0B4E40171E3237F600C07569 /* DVLineChartView.m */,
				0B4E40181E3237F600C07569 /* DVPlot.h */,
				0B4E40191E3237F600C07569 /* DVPlot.m */,
				0B4E401A1E3237F600C07569 /* DVXAxisView.h */,
				0B4E401B1E3237F600C07569 /* DVXAxisView.m */,
				0B4E401C1E3237F600C07569 /* DVYAxisView.h */,
				0B4E401D1E3237F600C07569 /* DVYAxisView.m */,
				0B4E40221E32380600C07569 /* UIColor+Hex.h */,
				0B4E40231E32380600C07569 /* UIColor+Hex.m */,
				0B4E40241E32380600C07569 /* UIView+Extension.h */,
				0B4E40251E32380600C07569 /* UIView+Extension.m */,
			);
			path = DVLineChartView;
			sourceTree = "<group>";
		};
		0BB21FCB1E2533E600786F3A = {
			isa = PBXGroup;
			children = (
				0BB21FD61E2533E600786F3A /* eEyes */,
				0BB21FD51E2533E600786F3A /* Products */,
			);
			sourceTree = "<group>";
		};
		0BB21FD51E2533E600786F3A /* Products */ = {
			isa = PBXGroup;
			children = (
				0BB21FD41E2533E600786F3A /* eEyes.app */,
			);
			name = Products;
			sourceTree = "<group>";
		};
		0BB21FD61E2533E600786F3A /* eEyes */ = {
			isa = PBXGroup;
			children = (
				B06752331E587BBD008373EB /* eEyes.entitlements */,
				0B4E40151E3237F600C07569 /* DVLineChartView */,
				0BB21FDD1E2533E600786F3A /* ViewController.h */,
				0BB21FDE1E2533E600786F3A /* ViewController.m */,
				0B1E67841E3CDB2C00BFE8FC /* DrawChartSettingViewController.h */,
				0B1E67851E3CDB2C00BFE8FC /* DrawChartSettingViewController.m */,
				0B1E67871E41B1D500BFE8FC /* HistoryChartValues.h */,
				0B1E67881E41B1D500BFE8FC /* HistoryChartValues.m */,
				0B4E40121E3237B300C07569 /* HistoryChartViewController.h */,
				0B4E40131E3237B300C07569 /* HistoryChartViewController.m */,
				0BDE0D0D1E2DDD4C000C9EC6 /* RealtimeChartViewController.h */,
				0BDE0D0E1E2DDD4C000C9EC6 /* RealtimeChartViewController.m */,
				0BDE0D101E2DE01F000C9EC6 /* RealChartView.h */,
				0BDE0D111E2DE01F000C9EC6 /* RealChartView.m */,
				0BB21FE01E2533E600786F3A /* Main.storyboard */,
				0BB21FDA1E2533E600786F3A /* AppDelegate.h */,
				0BB21FDB1E2533E600786F3A /* AppDelegate.m */,
				0BB220001E25356400786F3A /* AlarmTableViewController.h */,
				0BB220011E25356400786F3A /* AlarmTableViewController.m */,
				0BB21FEE1E25341F00786F3A /* ConfigManager.h */,
				0BB21FEF1E25341F00786F3A /* ConfigManager.m */,
				0B7FD53E1E27D13200C7F0B6 /* Config.plist */,
				0BB220031E2535AD00786F3A /* ConfigTableViewController.h */,
				0BB220041E2535AD00786F3A /* ConfigTableViewController.m */,
				0BD14BED1E25FA800009F6C2 /* DrawChartTableViewController.h */,
				0BD14BEE1E25FA800009F6C2 /* DrawChartTableViewController.m */,
				0BB21FF71E25347F00786F3A /* DrawHitoryChart.h */,
				0BB21FF81E25347F00786F3A /* DrawHitoryChart.m */,
				0BB21FF41E25346500786F3A /* DrawRealChart.h */,
				0BB21FF51E25346500786F3A /* DrawRealChart.m */,
				0BB21FFA1E2534AB00786F3A /* ExportCSVFile.h */,
				0BB21FFB1E2534AB00786F3A /* ExportCSVFile.m */,
				B0FBC5091E5695DD005EC174 /* ExportSensorItem.h */,
				B0FBC50A1E5695DD005EC174 /* ExportSensorItem.m */,
				B0F7AB701E460C3D00165758 /* ExportSettingsViewController.h */,
				B0F7AB711E460C3D00165758 /* ExportSettingsViewController.m */,
				B0F51C8F1E489CC2008D8F9F /* DrawCSVFileViewController.h */,
				B0F51C901E489CC2008D8F9F /* DrawCSVFileViewController.m */,
				0BB220061E2535E200786F3A /* ExportTableViewController.h */,
				0BB220071E2535E200786F3A /* ExportTableViewController.m */,
				0BB21FF11E25344400786F3A /* HTTPComm.h */,
				0BB21FF21E25344400786F3A /* HTTPComm.m */,
				0BD14BFF1E262AAD0009F6C2 /* ReceiveTrigProcess.h */,
				0BD14C001E262AAD0009F6C2 /* ReceiveTrigProcess.m */,
				0BB21FFD1E25352700786F3A /* RegularAction.h */,
				0BB21FFE1E25352700786F3A /* RegularAction.m */,
				0B1E677E1E3B3B7500BFE8FC /* AllSensors.h */,
				0B1E677F1E3B3B7500BFE8FC /* AllSensors.m */,
				0BD14BFC1E2606240009F6C2 /* Sensor.h */,
				0BD14BFD1E2606240009F6C2 /* Sensor.m */,
				0BB220091E25362D00786F3A /* XMLParserDelegate.h */,
				0BB2200A1E25362D00786F3A /* XMLParserDelegate.m */,
				0BD14BF21E2601130009F6C2 /* red-growth-chart.jpg */,
				0BD14BFA1E2602520009F6C2 /* red folder.jpg */,
				0BD14BF31E2601130009F6C2 /* alarm.jpg */,
				0BD14BF81E2601D10009F6C2 /* red config.png */,
				0BB21FE31E2533E600786F3A /* Assets.xcassets */,
				0BB21FE51E2533E600786F3A /* LaunchScreen.storyboard */,
				0BB21FE81E2533E600786F3A /* Info.plist */,
				0BB21FD71E2533E600786F3A /* Supporting Files */,
			);
			path = eEyes;
			sourceTree = "<group>";
		};
		0BB21FD71E2533E600786F3A /* Supporting Files */ = {
			isa = PBXGroup;
			children = (
				0BB21FD81E2533E600786F3A /* main.m */,
			);
			name = "Supporting Files";
			sourceTree = "<group>";
		};
/* End PBXGroup section */

/* Begin PBXNativeTarget section */
		0BB21FD31E2533E600786F3A /* eEyes */ = {
			isa = PBXNativeTarget;
			buildConfigurationList = 0BB21FEB1E2533E600786F3A /* Build configuration list for PBXNativeTarget "eEyes" */;
			buildPhases = (
				0BB21FD01E2533E600786F3A /* Sources */,
				0BB21FD11E2533E600786F3A /* Frameworks */,
				0BB21FD21E2533E600786F3A /* Resources */,
			);
			buildRules = (
			);
			dependencies = (
			);
			name = eEyes;
			productName = eEyes;
			productReference = 0BB21FD41E2533E600786F3A /* eEyes.app */;
			productType = "com.apple.product-type.application";
		};
/* End PBXNativeTarget section */

/* Begin PBXProject section */
		0BB21FCC1E2533E600786F3A /* Project object */ = {
			isa = PBXProject;
			attributes = {
				LastUpgradeCheck = 0820;
				ORGANIZATIONNAME = Nappy;
				TargetAttributes = {
					0BB21FD31E2533E600786F3A = {
						CreatedOnToolsVersion = 8.2.1;
						DevelopmentTeam = 73GVGE766F;
						ProvisioningStyle = Automatic;
						SystemCapabilities = {
							com.apple.BackgroundModes = {
								enabled = 1;
							};
							com.apple.Push = {
								enabled = 1;
							};
						};
					};
				};
			};
			buildConfigurationList = 0BB21FCF1E2533E600786F3A /* Build configuration list for PBXProject "eEyes" */;
			compatibilityVersion = "Xcode 3.2";
			developmentRegion = English;
			hasScannedForEncodings = 0;
			knownRegions = (
				en,
				Base,
			);
			mainGroup = 0BB21FCB1E2533E600786F3A;
			productRefGroup = 0BB21FD51E2533E600786F3A /* Products */;
			projectDirPath = "";
			projectRoot = "";
			targets = (
				0BB21FD31E2533E600786F3A /* eEyes */,
			);
		};
/* End PBXProject section */

/* Begin PBXResourcesBuildPhase section */
		0BB21FD21E2533E600786F3A /* Resources */ = {
			isa = PBXResourcesBuildPhase;
			buildActionMask = 2147483647;
			files = (
				0BD14BFB1E2602520009F6C2 /* red folder.jpg in Resources */,
				0BD14BF91E2601D10009F6C2 /* red config.png in Resources */,
				0BB21FE71E2533E600786F3A /* LaunchScreen.storyboard in Resources */,
				0BD14BF71E2601130009F6C2 /* alarm.jpg in Resources */,
				0B7FD53F1E27D13200C7F0B6 /* Config.plist in Resources */,
				0BD14BF61E2601130009F6C2 /* red-growth-chart.jpg in Resources */,
				0BB21FE41E2533E600786F3A /* Assets.xcassets in Resources */,
				0BB21FE21E2533E600786F3A /* Main.storyboard in Resources */,
			);
			runOnlyForDeploymentPostprocessing = 0;
		};
/* End PBXResourcesBuildPhase section */

/* Begin PBXSourcesBuildPhase section */
		0BB21FD01E2533E600786F3A /* Sources */ = {
			isa = PBXSourcesBuildPhase;
			buildActionMask = 2147483647;
			files = (
				0BD14BEF1E25FA800009F6C2 /* DrawChartTableViewController.m in Sources */,
				0BB220051E2535AD00786F3A /* ConfigTableViewController.m in Sources */,
				0B4E401E1E3237F600C07569 /* DVLineChartView.m in Sources */,
				0BB2200B1E25362D00786F3A /* XMLParserDelegate.m in Sources */,
				0BB21FF31E25344400786F3A /* HTTPComm.m in Sources */,
				0B4E40211E3237F600C07569 /* DVYAxisView.m in Sources */,
				0B4E401F1E3237F600C07569 /* DVPlot.m in Sources */,
				0BDE0D121E2DE01F000C9EC6 /* RealChartView.m in Sources */,
				0BD14BFE1E2606240009F6C2 /* Sensor.m in Sources */,
				0B4E40141E3237B300C07569 /* HistoryChartViewController.m in Sources */,
				0BB21FDF1E2533E600786F3A /* ViewController.m in Sources */,
				0BD14C011E262AAD0009F6C2 /* ReceiveTrigProcess.m in Sources */,
				B0FBC50B1E5695DD005EC174 /* ExportSensorItem.m in Sources */,
				0B4E40261E32380600C07569 /* UIColor+Hex.m in Sources */,
				B0F51C911E489CC2008D8F9F /* DrawCSVFileViewController.m in Sources */,
				0BB21FF01E25341F00786F3A /* ConfigManager.m in Sources */,
				0B1E67861E3CDB2C00BFE8FC /* DrawChartSettingViewController.m in Sources */,
				0BB21FDC1E2533E600786F3A /* AppDelegate.m in Sources */,
				0B4E40201E3237F600C07569 /* DVXAxisView.m in Sources */,
				0BB220021E25356400786F3A /* AlarmTableViewController.m in Sources */,
				0BB21FF61E25346500786F3A /* DrawRealChart.m in Sources */,
				0BB21FFF1E25352700786F3A /* RegularAction.m in Sources */,
				B0F7AB6F1E456CAE00165758 /* ExportCSVFile.m in Sources */,
				0B1E67801E3B3B7500BFE8FC /* AllSensors.m in Sources */,
				0B4E40271E32380600C07569 /* UIView+Extension.m in Sources */,
				B0F7AB721E460C3D00165758 /* ExportSettingsViewController.m in Sources */,
				0BB21FF91E25347F00786F3A /* DrawHitoryChart.m in Sources */,
				0BB21FD91E2533E600786F3A /* main.m in Sources */,
				0BDE0D0F1E2DDD4C000C9EC6 /* RealtimeChartViewController.m in Sources */,
				0BB220081E2535E200786F3A /* ExportTableViewController.m in Sources */,
				0B1E67891E41B1D500BFE8FC /* HistoryChartValues.m in Sources */,
			);
			runOnlyForDeploymentPostprocessing = 0;
		};
/* End PBXSourcesBuildPhase section */

/* Begin PBXVariantGroup section */
		0BB21FE01E2533E600786F3A /* Main.storyboard */ = {
			isa = PBXVariantGroup;
			children = (
				0BB21FE11E2533E600786F3A /* Base */,
			);
			name = Main.storyboard;
			sourceTree = "<group>";
		};
		0BB21FE51E2533E600786F3A /* LaunchScreen.storyboard */ = {
			isa = PBXVariantGroup;
			children = (
				0BB21FE61E2533E600786F3A /* Base */,
			);
			name = LaunchScreen.storyboard;
			sourceTree = "<group>";
		};
/* End PBXVariantGroup section */

/* Begin XCBuildConfiguration section */
		0BB21FE91E2533E600786F3A /* Debug */ = {
			isa = XCBuildConfiguration;
			buildSettings = {
				ALWAYS_SEARCH_USER_PATHS = NO;
				CLANG_ANALYZER_NONNULL = YES;
				CLANG_CXX_LANGUAGE_STANDARD = "gnu++0x";
				CLANG_CXX_LIBRARY = "libc++";
				CLANG_ENABLE_MODULES = YES;
				CLANG_ENABLE_OBJC_ARC = YES;
				CLANG_WARN_BOOL_CONVERSION = YES;
				CLANG_WARN_CONSTANT_CONVERSION = YES;
				CLANG_WARN_DIRECT_OBJC_ISA_USAGE = YES_ERROR;
				CLANG_WARN_DOCUMENTATION_COMMENTS = YES;
				CLANG_WARN_EMPTY_BODY = YES;
				CLANG_WARN_ENUM_CONVERSION = YES;
				CLANG_WARN_INFINITE_RECURSION = YES;
				CLANG_WARN_INT_CONVERSION = YES;
				CLANG_WARN_OBJC_ROOT_CLASS = YES_ERROR;
				CLANG_WARN_SUSPICIOUS_MOVE = YES;
				CLANG_WARN_UNREACHABLE_CODE = YES;
				CLANG_WARN__DUPLICATE_METHOD_MATCH = YES;
				"CODE_SIGN_IDENTITY[sdk=iphoneos*]" = "iPhone Developer";
				COPY_PHASE_STRIP = NO;
				DEBUG_INFORMATION_FORMAT = dwarf;
				ENABLE_STRICT_OBJC_MSGSEND = YES;
				ENABLE_TESTABILITY = YES;
				GCC_C_LANGUAGE_STANDARD = gnu99;
				GCC_DYNAMIC_NO_PIC = NO;
				GCC_NO_COMMON_BLOCKS = YES;
				GCC_OPTIMIZATION_LEVEL = 0;
				GCC_PREPROCESSOR_DEFINITIONS = (
					"DEBUG=1",
					"$(inherited)",
				);
				GCC_WARN_64_TO_32_BIT_CONVERSION = YES;
				GCC_WARN_ABOUT_RETURN_TYPE = YES_ERROR;
				GCC_WARN_UNDECLARED_SELECTOR = YES;
				GCC_WARN_UNINITIALIZED_AUTOS = YES_AGGRESSIVE;
				GCC_WARN_UNUSED_FUNCTION = YES;
				GCC_WARN_UNUSED_VARIABLE = YES;
				IPHONEOS_DEPLOYMENT_TARGET = 10.0;
				MTL_ENABLE_DEBUG_INFO = YES;
				ONLY_ACTIVE_ARCH = YES;
				SDKROOT = iphoneos;
				TARGETED_DEVICE_FAMILY = "1,2";
			};
			name = Debug;
		};
		0BB21FEA1E2533E600786F3A /* Release */ = {
			isa = XCBuildConfiguration;
			buildSettings = {
				ALWAYS_SEARCH_USER_PATHS = NO;
				CLANG_ANALYZER_NONNULL = YES;
				CLANG_CXX_LANGUAGE_STANDARD = "gnu++0x";
				CLANG_CXX_LIBRARY = "libc++";
				CLANG_ENABLE_MODULES = YES;
				CLANG_ENABLE_OBJC_ARC = YES;
				CLANG_WARN_BOOL_CONVERSION = YES;
				CLANG_WARN_CONSTANT_CONVERSION = YES;
				CLANG_WARN_DIRECT_OBJC_ISA_USAGE = YES_ERROR;
				CLANG_WARN_DOCUMENTATION_COMMENTS = YES;
				CLANG_WARN_EMPTY_BODY = YES;
				CLANG_WARN_ENUM_CONVERSION = YES;
				CLANG_WARN_INFINITE_RECURSION = YES;
				CLANG_WARN_INT_CONVERSION = YES;
				CLANG_WARN_OBJC_ROOT_CLASS = YES_ERROR;
				CLANG_WARN_SUSPICIOUS_MOVE = YES;
				CLANG_WARN_UNREACHABLE_CODE = YES;
				CLANG_WARN__DUPLICATE_METHOD_MATCH = YES;
				"CODE_SIGN_IDENTITY[sdk=iphoneos*]" = "iPhone Developer";
				COPY_PHASE_STRIP = NO;
				DEBUG_INFORMATION_FORMAT = "dwarf-with-dsym";
				ENABLE_NS_ASSERTIONS = NO;
				ENABLE_STRICT_OBJC_MSGSEND = YES;
				GCC_C_LANGUAGE_STANDARD = gnu99;
				GCC_NO_COMMON_BLOCKS = YES;
				GCC_WARN_64_TO_32_BIT_CONVERSION = YES;
				GCC_WARN_ABOUT_RETURN_TYPE = YES_ERROR;
				GCC_WARN_UNDECLARED_SELECTOR = YES;
				GCC_WARN_UNINITIALIZED_AUTOS = YES_AGGRESSIVE;
				GCC_WARN_UNUSED_FUNCTION = YES;
				GCC_WARN_UNUSED_VARIABLE = YES;
				IPHONEOS_DEPLOYMENT_TARGET = 10.0;
				MTL_ENABLE_DEBUG_INFO = NO;
				SDKROOT = iphoneos;
				TARGETED_DEVICE_FAMILY = "1,2";
				VALIDATE_PRODUCT = YES;
			};
			name = Release;
		};
		0BB21FEC1E2533E600786F3A /* Debug */ = {
			isa = XCBuildConfiguration;
			buildSettings = {
				ASSETCATALOG_COMPILER_APPICON_NAME = AppIcon;
				CODE_SIGN_ENTITLEMENTS = eEyes/eEyes.entitlements;
				DEVELOPMENT_TEAM = 73GVGE766F;
				INFOPLIST_FILE = eEyes/Info.plist;
				IPHONEOS_DEPLOYMENT_TARGET = 9.3;
				LD_RUNPATH_SEARCH_PATHS = "$(inherited) @executable_path/Frameworks";
				PRODUCT_BUNDLE_IDENTIFIER = com.jiahungchen.eEyes;
				PRODUCT_NAME = "$(TARGET_NAME)";
			};
			name = Debug;
		};
		0BB21FED1E2533E600786F3A /* Release */ = {
			isa = XCBuildConfiguration;
			buildSettings = {
				ASSETCATALOG_COMPILER_APPICON_NAME = AppIcon;
				CODE_SIGN_ENTITLEMENTS = eEyes/eEyes.entitlements;
				DEVELOPMENT_TEAM = 73GVGE766F;
				INFOPLIST_FILE = eEyes/Info.plist;
				IPHONEOS_DEPLOYMENT_TARGET = 9.3;
				LD_RUNPATH_SEARCH_PATHS = "$(inherited) @executable_path/Frameworks";
				PRODUCT_BUNDLE_IDENTIFIER = com.jiahungchen.eEyes;
				PRODUCT_NAME = "$(TARGET_NAME)";
			};
			name = Release;
		};
/* End XCBuildConfiguration section */

/* Begin XCConfigurationList section */
		0BB21FCF1E2533E600786F3A /* Build configuration list for PBXProject "eEyes" */ = {
			isa = XCConfigurationList;
			buildConfigurations = (
				0BB21FE91E2533E600786F3A /* Debug */,
				0BB21FEA1E2533E600786F3A /* Release */,
			);
			defaultConfigurationIsVisible = 0;
			defaultConfigurationName = Release;
		};
		0BB21FEB1E2533E600786F3A /* Build configuration list for PBXNativeTarget "eEyes" */ = {
			isa = XCConfigurationList;
			buildConfigurations = (
				0BB21FEC1E2533E600786F3A /* Debug */,
				0BB21FED1E2533E600786F3A /* Release */,
			);
			defaultConfigurationIsVisible = 0;
			defaultConfigurationName = Release;
		};
/* End XCConfigurationList section */
	};
	rootObject = 0BB21FCC1E2533E600786F3A /* Project object */;
}
